# Format: name url ref full-40-character-commit
# After editing, run: .\openwrt.ps1 third-party
luci-theme-aurora https://github.com/eamonxg/luci-theme-aurora.git master c8e8be3a86b324e1daa44e3406b2b8561437c512
luci-app-aurora-config https://github.com/eamonxg/luci-app-aurora-config.git master fd7a53765ad2ee50c0a90c9603d93184d9720280
