# Format: name url ref full-40-character-commit
# Update with scripts/update-third-party-locks.py when changing the source baseline.
bandix https://github.com/timsaya/openwrt-bandix.git v0.12.11 c95b03d40b30c31e89c090aaf134750f05bf3f19
luci-app-bandix https://github.com/timsaya/luci-app-bandix.git v0.12.12 159a6de184b8cbd0694b40f018e737d0a3c82e7e
