# Format: name url ref full-40-character-commit
# Update with scripts/update-third-party-locks.py when changing the source baseline.
bandix https://github.com/timsaya/openwrt-bandix.git v0.12.9 fc2ba97f5239d501b621c30c5ccc93a71f1ad47a
luci-app-bandix https://github.com/timsaya/luci-app-bandix.git v0.12.10 d899c02a44ba83ddf5a2384507ca3c3105e9dacc
